// !$*UTF8*$!
{
	archiveVersion = 1;
	classes = {
	};
	objectVersion = 46;
	objects = {

/* Begin PBXBuildFile section */
		F0B068AC197AF1350034C1F4 /* Foundation.framework in Frameworks */ = {isa = PBXBuildFile; fileRef = F0B068AB197AF1350034C1F4 /* Foundation.framework */; };
		F0B068AE197AF1350034C1F4 /* CoreGraphics.framework in Frameworks */ = {isa = PBXBuildFile; fileRef = F0B068AD197AF1350034C1F4 /* CoreGraphics.framework */; };
		F0B068B0197AF1350034C1F4 /* UIKit.framework in Frameworks */ = {isa = PBXBuildFile; fileRef = F0B068AF197AF1350034C1F4 /* UIKit.framework */; };
		F0B068B2197AF1350034C1F4 /* CoreData.framework in Frameworks */ = {isa = PBXBuildFile; fileRef = F0B068B1197AF1350034C1F4 /* CoreData.framework */; };
		F0B068B8197AF1350034C1F4 /* InfoPlist.strings in Resources */ = {isa = PBXBuildFile; fileRef = F0B068B6197AF1350034C1F4 /* InfoPlist.strings */; };
		F0B068BA197AF1350034C1F4 /* main.m in Sources */ = {isa = PBXBuildFile; fileRef = F0B068B9197AF1350034C1F4 /* main.m */; };
		F0B068BE197AF1350034C1F4 /* AppDelegate.m in Sources */ = {isa = PBXBuildFile; fileRef = F0B068BD197AF1350034C1F4 /* AppDelegate.m */; };
		F0B068C1197AF1360034C1F4 /* spire.xcdatamodeld in Sources */ = {isa = PBXBuildFile; fileRef = F0B068BF197AF1360034C1F4 /* spire.xcdatamodeld */; };
		F0B068C3197AF1360034C1F4 /* Images.xcassets in Resources */ = {isa = PBXBuildFile; fileRef = F0B068C2197AF1360034C1F4 /* Images.xcassets */; };
		F0B068CA197AF1360034C1F4 /* XCTest.framework in Frameworks */ = {isa = PBXBuildFile; fileRef = F0B068C9197AF1360034C1F4 /* XCTest.framework */; };
		F0B068CB197AF1360034C1F4 /* Foundation.framework in Frameworks */ = {isa = PBXBuildFile; fileRef = F0B068AB197AF1350034C1F4 /* Foundation.framework */; };
		F0B068CC197AF1360034C1F4 /* UIKit.framework in Frameworks */ = {isa = PBXBuildFile; fileRef = F0B068AF197AF1350034C1F4 /* UIKit.framework */; };
		F0B068CD197AF1360034C1F4 /* CoreData.framework in Frameworks */ = {isa = PBXBuildFile; fileRef = F0B068B1197AF1350034C1F4 /* CoreData.framework */; };
		F0B068D5197AF1360034C1F4 /* InfoPlist.strings in Resources */ = {isa = PBXBuildFile; fileRef = F0B068D3197AF1360034C1F4 /* InfoPlist.strings */; };
		F0B068D7197AF1360034C1F4 /* spireTests.m in Sources */ = {isa = PBXBuildFile; fileRef = F0B068D6197AF1360034C1F4 /* spireTests.m */; };
/* End PBXBuildFile section */

/* Begin PBXContainerItemProxy section */
		F0B068CE197AF1360034C1F4 /* PBXContainerItemProxy */ = {
			isa = PBXContainerItemProxy;
			containerPortal = F0B068A0197AF1350034C1F4 /* Project object */;
			proxyType = 1;
			remoteGlobalIDString = F0B068A7197AF1350034C1F4;
			remoteInfo = spire;
		};
/* End PBXContainerItemProxy section */

/* Begin PBXFileReference section */
		F0B068A8197AF1350034C1F4 /* spire.app */ = {isa = PBXFileReference; explicitFileType = wrapper.application; includeInIndex = 0; path = spire.app; sourceTree = BUILT_PRODUCTS_DIR; };
		F0B068AB197AF1350034C1F4 /* Foundation.framework */ = {isa = PBXFileReference; lastKnownFileType = wrapper.framework; name = Foundation.framework; path = System/Library/Frameworks/Foundation.framework; sourceTree = SDKROOT; };
		F0B068AD197AF1350034C1F4 /* CoreGraphics.framework */ = {isa = PBXFileReference; lastKnownFileType = wrapper.framework; name = CoreGraphics.framework; path = System/Library/Frameworks/CoreGraphics.framework; sourceTree = SDKROOT; };
		F0B068AF197AF1350034C1F4 /* UIKit.framework */ = {isa = PBXFileReference; lastKnownFileType = wrapper.framework; name = UIKit.framework; path = System/Library/Frameworks/UIKit.framework; sourceTree = SDKROOT; };
		F0B068B1197AF1350034C1F4 /* CoreData.framework */ = {isa = PBXFileReference; lastKnownFileType = wrapper.framework; name = CoreData.framework; path = System/Library/Frameworks/CoreData.framework; sourceTree = SDKROOT; };
		F0B068B5197AF1350034C1F4 /* spire-Info.plist */ = {isa = PBXFileReference; lastKnownFileType = text.plist.xml; path = "spire-Info.plist"; sourceTree = "<group>"; };
		F0B068B7197AF1350034C1F4 /* en */ = {isa = PBXFileReference; lastKnownFileType = text.plist.strings; name = en; path = en.lproj/InfoPlist.strings; sourceTree = "<group>"; };
		F0B068B9197AF1350034C1F4 /* main.m */ = {isa = PBXFileReference; lastKnownFileType = sourcecode.c.objc; path = main.m; sourceTree = "<group>"; };
		F0B068BB197AF1350034C1F4 /* spire-Prefix.pch */ = {isa = PBXFileReference; lastKnownFileType = sourcecode.c.h; path = "spire-Prefix.pch"; sourceTree = "<group>"; };
		F0B068BC197AF1350034C1F4 /* AppDelegate.h */ = {isa = PBXFileReference; lastKnownFileType = sourcecode.c.h; path = AppDelegate.h; sourceTree = "<group>"; };
		F0B068BD197AF1350034C1F4 /* AppDelegate.m */ = {isa = PBXFileReference; lastKnownFileType = sourcecode.c.objc; path = AppDelegate.m; sourceTree = "<group>"; };
		F0B068C0197AF1360034C1F4 /* spire.xcdatamodel */ = {isa = PBXFileReference; lastKnownFileType = wrapper.xcdatamodel; path = spire.xcdatamodel; sourceTree = "<group>"; };
		F0B068C2197AF1360034C1F4 /* Images.xcassets */ = {isa = PBXFileReference; lastKnownFileType = folder.assetcatalog; path = Images.xcassets; sourceTree = "<group>"; };
		F0B068C8197AF1360034C1F4 /* spireTests.xctest */ = {isa = PBXFileReference; explicitFileType = wrapper.cfbundle; includeInIndex = 0; path = spireTests.xctest; sourceTree = BUILT_PRODUCTS_DIR; };
		F0B068C9197AF1360034C1F4 /* XCTest.framework */ = {isa = PBXFileReference; lastKnownFileType = wrapper.framework; name = XCTest.framework; path = Library/Frameworks/XCTest.framework; sourceTree = DEVELOPER_DIR; };
		F0B068D2197AF1360034C1F4 /* spireTests-Info.plist */ = {isa = PBXFileReference; lastKnownFileType = text.plist.xml; path = "spireTests-Info.plist"; sourceTree = "<group>"; };
		F0B068D4197AF1360034C1F4 /* en */ = {isa = PBXFileReference; lastKnownFileType = text.plist.strings; name = en; path = en.lproj/InfoPlist.strings; sourceTree = "<group>"; };
		F0B068D6197AF1360034C1F4 /* spireTests.m */ = {isa = PBXFileReference; lastKnownFileType = sourcecode.c.objc; path = spireTests.m; sourceTree = "<group>"; };
/* End PBXFileReference section */

/* Begin PBXFrameworksBuildPhase section */
		F0B068A5197AF1350034C1F4 /* Frameworks */ = {
			isa = PBXFrameworksBuildPhase;
			buildActionMask = 2147483647;
			files = (
				F0B068AE197AF1350034C1F4 /* CoreGraphics.framework in Frameworks */,
				F0B068B2197AF1350034C1F4 /* CoreData.framework in Frameworks */,
				F0B068B0197AF1350034C1F4 /* UIKit.framework in Frameworks */,
				F0B068AC197AF1350034C1F4 /* Foundation.framework in Frameworks */,
			);
			runOnlyForDeploymentPostprocessing = 0;
		};
		F0B068C5197AF1360034C1F4 /* Frameworks */ = {
			isa = PBXFrameworksBuildPhase;
			buildActionMask = 2147483647;
			files = (
				F0B068CA197AF1360034C1F4 /* XCTest.framework in Frameworks */,
				F0B068CD197AF1360034C1F4 /* CoreData.framework in Frameworks */,
				F0B068CC197AF1360034C1F4 /* UIKit.framework in Frameworks */,
				F0B068CB197AF1360034C1F4 /* Foundation.framework in Frameworks */,
			);
			runOnlyForDeploymentPostprocessing = 0;
		};
/* End PBXFrameworksBuildPhase section */

/* Begin PBXGroup section */
		F0B0689F197AF1350034C1F4 = {
			isa = PBXGroup;
			children = (
				F0B068B3197AF1350034C1F4 /* spire */,
				F0B068D0197AF1360034C1F4 /* spireTests */,
				F0B068AA197AF1350034C1F4 /* Frameworks */,
				F0B068A9197AF1350034C1F4 /* Products */,
			);
			sourceTree = "<group>";
		};
		F0B068A9197AF1350034C1F4 /* Products */ = {
			isa = PBXGroup;
			children = (
				F0B068A8197AF1350034C1F4 /* spire.app */,
				F0B068C8197AF1360034C1F4 /* spireTests.xctest */,
			);
			name = Products;
			sourceTree = "<group>";
		};
		F0B068AA197AF1350034C1F4 /* Frameworks */ = {
			isa = PBXGroup;
			children = (
				F0B068AB197AF1350034C1F4 /* Foundation.framework */,
				F0B068AD197AF1350034C1F4 /* CoreGraphics.framework */,
				F0B068AF197AF1350034C1F4 /* UIKit.framework */,
				F0B068B1197AF1350034C1F4 /* CoreData.framework */,
				F0B068C9197AF1360034C1F4 /* XCTest.framework */,
			);
			name = Frameworks;
			sourceTree = "<group>";
		};
		F0B068B3197AF1350034C1F4 /* spire */ = {
			isa = PBXGroup;
			children = (
				F0B068BC197AF1350034C1F4 /* AppDelegate.h */,
				F0B068BD197AF1350034C1F4 /* AppDelegate.m */,
				F0B068C2197AF1360034C1F4 /* Images.xcassets */,
				F0B068BF197AF1360034C1F4 /* spire.xcdatamodeld */,
				F0B068B4197AF1350034C1F4 /* Supporting Files */,
			);
			path = spire;
			sourceTree = "<group>";
		};
		F0B068B4197AF1350034C1F4 /* Supporting Files */ = {
			isa = PBXGroup;
			children = (
				F0B068B5197AF1350034C1F4 /* spire-Info.plist */,
				F0B068B6197AF1350034C1F4 /* InfoPlist.strings */,
				F0B068B9197AF1350034C1F4 /* main.m */,
				F0B068BB197AF1350034C1F4 /* spire-Prefix.pch */,
			);
			name = "Supporting Files";
			sourceTree = "<group>";
		};
		F0B068D0197AF1360034C1F4 /* spireTests */ = {
			isa = PBXGroup;
			children = (
				F0B068D6197AF1360034C1F4 /* spireTests.m */,
				F0B068D1197AF1360034C1F4 /* Supporting Files */,
			);
			path = spireTests;
			sourceTree = "<group>";
		};
		F0B068D1197AF1360034C1F4 /* Supporting Files */ = {
			isa = PBXGroup;
			children = (
				F0B068D2197AF1360034C1F4 /* spireTests-Info.plist */,
				F0B068D3197AF1360034C1F4 /* InfoPlist.strings */,
			);
			name = "Supporting Files";
			sourceTree = "<group>";
		};
/* End PBXGroup section */

/* Begin PBXNativeTarget section */
		F0B068A7197AF1350034C1F4 /* spire */ = {
			isa = PBXNativeTarget;
			buildConfigurationList = F0B068DA197AF1360034C1F4 /* Build configuration list for PBXNativeTarget "spire" */;
			buildPhases = (
				F0B068A4197AF1350034C1F4 /* Sources */,
				F0B068A5197AF1350034C1F4 /* Frameworks */,
				F0B068A6197AF1350034C1F4 /* Resources */,
			);
			buildRules = (
			);
			dependencies = (
			);
			name = spire;
			productName = spire;
			productReference = F0B068A8197AF1350034C1F4 /* spire.app */;
			productType = "com.apple.product-type.application";
		};
		F0B068C7197AF1360034C1F4 /* spireTests */ = {
			isa = PBXNativeTarget;
			buildConfigurationList = F0B068DD197AF1360034C1F4 /* Build configuration list for PBXNativeTarget "spireTests" */;
			buildPhases = (
				F0B068C4197AF1360034C1F4 /* Sources */,
				F0B068C5197AF1360034C1F4 /* Frameworks */,
				F0B068C6197AF1360034C1F4 /* Resources */,
			);
			buildRules = (
			);
			dependencies = (
				F0B068CF197AF1360034C1F4 /* PBXTargetDependency */,
			);
			name = spireTests;
			productName = spireTests;
			productReference = F0B068C8197AF1360034C1F4 /* spireTests.xctest */;
			productType = "com.apple.product-type.bundle.unit-test";
		};
/* End PBXNativeTarget section */

/* Begin PBXProject section */
		F0B068A0197AF1350034C1F4 /* Project object */ = {
			isa = PBXProject;
			attributes = {
				LastUpgradeCheck = 0510;
				ORGANIZATIONNAME = "Niveditha Jayasekar";
				TargetAttributes = {
					F0B068C7197AF1360034C1F4 = {
						TestTargetID = F0B068A7197AF1350034C1F4;
					};
				};
			};
			buildConfigurationList = F0B068A3197AF1350034C1F4 /* Build configuration list for PBXProject "spire" */;
			compatibilityVersion = "Xcode 3.2";
			developmentRegion = English;
			hasScannedForEncodings = 0;
			knownRegions = (
				en,
			);
			mainGroup = F0B0689F197AF1350034C1F4;
			productRefGroup = F0B068A9197AF1350034C1F4 /* Products */;
			projectDirPath = "";
			projectRoot = "";
			targets = (
				F0B068A7197AF1350034C1F4 /* spire */,
				F0B068C7197AF1360034C1F4 /* spireTests */,
			);
		};
/* End PBXProject section */

/* Begin PBXResourcesBuildPhase section */
		F0B068A6197AF1350034C1F4 /* Resources */ = {
			isa = PBXResourcesBuildPhase;
			buildActionMask = 2147483647;
			files = (
				F0B068B8197AF1350034C1F4 /* InfoPlist.strings in Resources */,
				F0B068C3197AF1360034C1F4 /* Images.xcassets in Resources */,
			);
			runOnlyForDeploymentPostprocessing = 0;
		};
		F0B068C6197AF1360034C1F4 /* Resources */ = {
			isa = PBXResourcesBuildPhase;
			buildActionMask = 2147483647;
			files = (
				F0B068D5197AF1360034C1F4 /* InfoPlist.strings in Resources */,
			);
			runOnlyForDeploymentPostprocessing = 0;
		};
/* End PBXResourcesBuildPhase section */

/* Begin PBXSourcesBuildPhase section */
		F0B068A4197AF1350034C1F4 /* Sources */ = {
			isa = PBXSourcesBuildPhase;
			buildActionMask = 2147483647;
			files = (
				F0B068BE197AF1350034C1F4 /* AppDelegate.m in Sources */,
				F0B068BA197AF1350034C1F4 /* main.m in Sources */,
				F0B068C1197AF1360034C1F4 /* spire.xcdatamodeld in Sources */,
			);
			runOnlyForDeploymentPostprocessing = 0;
		};
		F0B068C4197AF1360034C1F4 /* Sources */ = {
			isa = PBXSourcesBuildPhase;
			buildActionMask = 2147483647;
			files = (
				F0B068D7197AF1360034C1F4 /* spireTests.m in Sources */,
			);
			runOnlyForDeploymentPostprocessing = 0;
		};
/* End PBXSourcesBuildPhase section */

/* Begin PBXTargetDependency section */
		F0B068CF197AF1360034C1F4 /* PBXTargetDependency */ = {
			isa = PBXTargetDependency;
			target = F0B068A7197AF1350034C1F4 /* spire */;
			targetProxy = F0B068CE197AF1360034C1F4 /* PBXContainerItemProxy */;
		};
/* End PBXTargetDependency section */

/* Begin PBXVariantGroup section */
		F0B068B6197AF1350034C1F4 /* InfoPlist.strings */ = {
			isa = PBXVariantGroup;
			children = (
				F0B068B7197AF1350034C1F4 /* en */,
			);
			name = InfoPlist.strings;
			sourceTree = "<group>";
		};
		F0B068D3197AF1360034C1F4 /* InfoPlist.strings */ = {
			isa = PBXVariantGroup;
			children = (
				F0B068D4197AF1360034C1F4 /* en */,
			);
			name = InfoPlist.strings;
			sourceTree = "<group>";
		};
/* End PBXVariantGroup section */

/* Begin XCBuildConfiguration section */
		F0B068D8197AF1360034C1F4 /* Debug */ = {
			isa = XCBuildConfiguration;
			buildSettings = {
				ALWAYS_SEARCH_USER_PATHS = NO;
				CLANG_CXX_LANGUAGE_STANDARD = "gnu++0x";
				CLANG_CXX_LIBRARY = "libc++";
				CLANG_ENABLE_MODULES = YES;
				CLANG_ENABLE_OBJC_ARC = YES;
				CLANG_WARN_BOOL_CONVERSION = YES;
				CLANG_WARN_CONSTANT_CONVERSION = YES;
				CLANG_WARN_DIRECT_OBJC_ISA_USAGE = YES_ERROR;
				CLANG_WARN_EMPTY_BODY = YES;
				CLANG_WARN_ENUM_CONVERSION = YES;
				CLANG_WARN_INT_CONVERSION = YES;
				CLANG_WARN_OBJC_ROOT_CLASS = YES_ERROR;
				CLANG_WARN__DUPLICATE_METHOD_MATCH = YES;
				"CODE_SIGN_IDENTITY[sdk=iphoneos*]" = "iPhone Developer";
				COPY_PHASE_STRIP = NO;
				GCC_C_LANGUAGE_STANDARD = gnu99;
				GCC_DYNAMIC_NO_PIC = NO;
				GCC_OPTIMIZATION_LEVEL = 0;
				GCC_PREPROCESSOR_DEFINITIONS = (
					"DEBUG=1",
					"$(inherited)",
				);
				GCC_SYMBOLS_PRIVATE_EXTERN = NO;
				GCC_WARN_64_TO_32_BIT_CONVERSION = YES;
				GCC_WARN_ABOUT_RETURN_TYPE = YES_ERROR;
				GCC_WARN_UNDECLARED_SELECTOR = YES;
				GCC_WARN_UNINITIALIZED_AUTOS = YES_AGGRESSIVE;
				GCC_WARN_UNUSED_FUNCTION = YES;
				GCC_WARN_UNUSED_VARIABLE = YES;
				IPHONEOS_DEPLOYMENT_TARGET = 7.1;
				ONLY_ACTIVE_ARCH = YES;
				SDKROOT = iphoneos;
			};
			name = Debug;
		};
		F0B068D9197AF1360034C1F4 /* Release */ = {
			isa = XCBuildConfiguration;
			buildSettings = {
				ALWAYS_SEARCH_USER_PATHS = NO;
				CLANG_CXX_LANGUAGE_STANDARD = "gnu++0x";
				CLANG_CXX_LIBRARY = "libc++";
				CLANG_ENABLE_MODULES = YES;
				CLANG_ENABLE_OBJC_ARC = YES;
				CLANG_WARN_BOOL_CONVERSION = YES;
				CLANG_WARN_CONSTANT_CONVERSION = YES;
				CLANG_WARN_DIRECT_OBJC_ISA_USAGE = YES_ERROR;
				CLANG_WARN_EMPTY_BODY = YES;
				CLANG_WARN_ENUM_CONVERSION = YES;
				CLANG_WARN_INT_CONVERSION = YES;
				CLANG_WARN_OBJC_ROOT_CLASS = YES_ERROR;
				CLANG_WARN__DUPLICATE_METHOD_MATCH = YES;
				"CODE_SIGN_IDENTITY[sdk=iphoneos*]" = "iPhone Developer";
				COPY_PHASE_STRIP = YES;
				ENABLE_NS_ASSERTIONS = NO;
				GCC_C_LANGUAGE_STANDARD = gnu99;
				GCC_WARN_64_TO_32_BIT_CONVERSION = YES;
				GCC_WARN_ABOUT_RETURN_TYPE = YES_ERROR;
				GCC_WARN_UNDECLARED_SELECTOR = YES;
				GCC_WARN_UNINITIALIZED_AUTOS = YES_AGGRESSIVE;
				GCC_WARN_UNUSED_FUNCTION = YES;
				GCC_WARN_UNUSED_VARIABLE = YES;
				IPHONEOS_DEPLOYMENT_TARGET = 7.1;
				SDKROOT = iphoneos;
				VALIDATE_PRODUCT = YES;
			};
			name = Release;
		};
		F0B068DB197AF1360034C1F4 /* Debug */ = {
			isa = XCBuildConfiguration;
			buildSettings = {
				ASSETCATALOG_COMPILER_APPICON_NAME = AppIcon;
				ASSETCATALOG_COMPILER_LAUNCHIMAGE_NAME = LaunchImage;
				GCC_PRECOMPILE_PREFIX_HEADER = YES;
				GCC_PREFIX_HEADER = "spire/spire-Prefix.pch";
				INFOPLIST_FILE = "spire/spire-Info.plist";
				PRODUCT_NAME = "$(TARGET_NAME)";
				WRAPPER_EXTENSION = app;
			};
			name = Debug;
		};
		F0B068DC197AF1360034C1F4 /* Release */ = {
			isa = XCBuildConfiguration;
			buildSettings = {
				ASSETCATALOG_COMPILER_APPICON_NAME = AppIcon;
				ASSETCATALOG_COMPILER_LAUNCHIMAGE_NAME = LaunchImage;
				GCC_PRECOMPILE_PREFIX_HEADER = YES;
				GCC_PREFIX_HEADER = "spire/spire-Prefix.pch";
				INFOPLIST_FILE = "spire/spire-Info.plist";
				PRODUCT_NAME = "$(TARGET_NAME)";
				WRAPPER_EXTENSION = app;
			};
			name = Release;
		};
		F0B068DE197AF1360034C1F4 /* Debug */ = {
			isa = XCBuildConfiguration;
			buildSettings = {
				BUNDLE_LOADER = "$(BUILT_PRODUCTS_DIR)/spire.app/spire";
				FRAMEWORK_SEARCH_PATHS = (
					"$(SDKROOT)/Developer/Library/Frameworks",
					"$(inherited)",
					"$(DEVELOPER_FRAMEWORKS_DIR)",
				);
				GCC_PRECOMPILE_PREFIX_HEADER = YES;
				GCC_PREFIX_HEADER = "spire/spire-Prefix.pch";
				GCC_PREPROCESSOR_DEFINITIONS = (
					"DEBUG=1",
					"$(inherited)",
				);
				INFOPLIST_FILE = "spireTests/spireTests-Info.plist";
				PRODUCT_NAME = "$(TARGET_NAME)";
				TEST_HOST = "$(BUNDLE_LOADER)";
				WRAPPER_EXTENSION = xctest;
			};
			name = Debug;
		};
		F0B068DF197AF1360034C1F4 /* Release */ = {
			isa = XCBuildConfiguration;
			buildSettings = {
				BUNDLE_LOADER = "$(BUILT_PRODUCTS_DIR)/spire.app/spire";
				FRAMEWORK_SEARCH_PATHS = (
					"$(SDKROOT)/Developer/Library/Frameworks",
					"$(inherited)",
					"$(DEVELOPER_FRAMEWORKS_DIR)",
				);
				GCC_PRECOMPILE_PREFIX_HEADER = YES;
				GCC_PREFIX_HEADER = "spire/spire-Prefix.pch";
				INFOPLIST_FILE = "spireTests/spireTests-Info.plist";
				PRODUCT_NAME = "$(TARGET_NAME)";
				TEST_HOST = "$(BUNDLE_LOADER)";
				WRAPPER_EXTENSION = xctest;
			};
			name = Release;
		};
/* End XCBuildConfiguration section */

/* Begin XCConfigurationList section */
		F0B068A3197AF1350034C1F4 /* Build configuration list for PBXProject "spire" */ = {
			isa = XCConfigurationList;
			buildConfigurations = (
				F0B068D8197AF1360034C1F4 /* Debug */,
				F0B068D9197AF1360034C1F4 /* Release */,
			);
			defaultConfigurationIsVisible = 0;
			defaultConfigurationName = Release;
		};
		F0B068DA197AF1360034C1F4 /* Build configuration list for PBXNativeTarget "spire" */ = {
			isa = XCConfigurationList;
			buildConfigurations = (
				F0B068DB197AF1360034C1F4 /* Debug */,
				F0B068DC197AF1360034C1F4 /* Release */,
			);
			defaultConfigurationIsVisible = 0;
		};
		F0B068DD197AF1360034C1F4 /* Build configuration list for PBXNativeTarget "spireTests" */ = {
			isa = XCConfigurationList;
			buildConfigurations = (
				F0B068DE197AF1360034C1F4 /* Debug */,
				F0B068DF197AF1360034C1F4 /* Release */,
			);
			defaultConfigurationIsVisible = 0;
		};
/* End XCConfigurationList section */

/* Begin XCVersionGroup section */
		F0B068BF197AF1360034C1F4 /* spire.xcdatamodeld */ = {
			isa = XCVersionGroup;
			children = (
				F0B068C0197AF1360034C1F4 /* spire.xcdatamodel */,
			);
			currentVersion = F0B068C0197AF1360034C1F4 /* spire.xcdatamodel */;
			path = spire.xcdatamodeld;
			sourceTree = "<group>";
			versionGroupType = wrapper.xcdatamodel;
		};
/* End XCVersionGroup section */
	};
	rootObject = F0B068A0197AF1350034C1F4 /* Project object */;
}
